{
  "pins" : [
    {
      "identity" : "sdsmacros",
      "kind" : "remoteSourceControl",
      "location" : "https://github.com/tyagishi/SDSMacros",
      "state" : {
        "revision" : "b9bc835e800b9f5c4be6441e767d4f0c30208ee9",
        "version" : "3.0.3"
      }
    },
    {
      "identity" : "swift-syntax",
      "kind" : "remoteSourceControl",
      "location" : "https://github.com/swiftlang/swift-syntax.git",
      "state" : {
        "revision" : "4799286537280063c85a32f09884cfbca301b1a1",
        "version" : "602.0.0"
      }
    },
    {
      "identity" : "swiftlintplugins",
      "kind" : "remoteSourceControl",
      "location" : "https://github.com/SimplyDanny/SwiftLintPlugins",
      "state" : {
        "revision" : "9ad9487c2448b3f1265ea2cc8af246b9cae6878d",
        "version" : "0.56.1"
      }
    }
  ],
  "version" : 2
}
